
Microsoft Visual Studio Solution File, Format Version 12.00
# Visual Studio 14
VisualStudioVersion = 14.0.25420.1
MinimumVisualStudioVersion = 10.0.40219.1
Project("{FAE04EC0-301F-11D3-BF4B-00C04F79EFBC}") = "QuanLyThuVien", "QuanLyThuVien\QuanLyThuVien.csproj", "{FFC59FC9-A054-4BE1-864D-F672848D820F}"
EndProject
Project("{FAE04EC0-301F-11D3-BF4B-00C04F79EFBC}") = "DataProvider", "DataProvider\DataProvider.csproj", "{A759414D-DFBE-4BFF-B132-849DB159B73F}"
EndProject
Project("{FAE04EC0-301F-11D3-BF4B-00C04F79EFBC}") = "BusinessLogic", "BusinessLogic\BusinessLogic.csproj", "{2E9B0EA5-588A-4C49-A4EF-BF6EBAC18F63}"
EndProject
Global
	GlobalSection(SolutionConfigurationPlatforms) = preSolution
		Debug|Any CPU = Debug|Any CPU
		Release|Any CPU = Release|Any CPU
	EndGlobalSection
	GlobalSection(ProjectConfigurationPlatforms) = postSolution
		{FFC59FC9-A054-4BE1-864D-F672848D820F}.Debug|Any CPU.ActiveCfg = Debug|Any CPU
		{FFC59FC9-A054-4BE1-864D-F672848D820F}.Debug|Any CPU.Build.0 = Debug|Any CPU
		{FFC59FC9-A054-4BE1-864D-F672848D820F}.Release|Any CPU.ActiveCfg = Release|Any CPU
		{FFC59FC9-A054-4BE1-864D-F672848D820F}.Release|Any CPU.Build.0 = Release|Any CPU
		{A759414D-DFBE-4BFF-B132-849DB159B73F}.Debug|Any CPU.ActiveCfg = Debug|Any CPU
		{A759414D-DFBE-4BFF-B132-849DB159B73F}.Debug|Any CPU.Build.0 = Debug|Any CPU
		{A759414D-DFBE-4BFF-B132-849DB159B73F}.Release|Any CPU.ActiveCfg = Release|Any CPU
		{A759414D-DFBE-4BFF-B132-849DB159B73F}.Release|Any CPU.Build.0 = Release|Any CPU
		{2E9B0EA5-588A-4C49-A4EF-BF6EBAC18F63}.Debug|Any CPU.ActiveCfg = Debug|Any CPU
		{2E9B0EA5-588A-4C49-A4EF-BF6EBAC18F63}.Debug|Any CPU.Build.0 = Debug|Any CPU
		{2E9B0EA5-588A-4C49-A4EF-BF6EBAC18F63}.Release|Any CPU.ActiveCfg = Release|Any CPU
		{2E9B0EA5-588A-4C49-A4EF-BF6EBAC18F63}.Release|Any CPU.Build.0 = Release|Any CPU
	EndGlobalSection
	GlobalSection(SolutionProperties) = preSolution
		HideSolutionNode = FALSE
	EndGlobalSection
EndGlobal
